
Microsoft Visual Studio Solution File, Format Version 12.00
# Visual Studio Version 17
VisualStudioVersion = 17.12.35527.113
MinimumVisualStudioVersion = 10.0.40219.1
Project("{FAE04EC0-301F-11D3-BF4B-00C04F79EFBC}") = "gevent", "gevent.csproj", "{19CD3A2C-62C3-4414-AF85-AC6D44BE6B80}"
EndProject
Project("{2150E333-8FDC-42A3-9474-1A3956D46DE8}") = "Элементы решения", "Элементы решения", "{E94E466D-7332-45C1-B0D0-40235E8B8F15}"
EndProject
Global
	GlobalSection(SolutionConfigurationPlatforms) = preSolution
		Debug|Any CPU = Debug|Any CPU
		Release|Any CPU = Release|Any CPU
	EndGlobalSection
	GlobalSection(ProjectConfigurationPlatforms) = postSolution
		{19CD3A2C-62C3-4414-AF85-AC6D44BE6B80}.Debug|Any CPU.ActiveCfg = Debug|Any CPU
		{19CD3A2C-62C3-4414-AF85-AC6D44BE6B80}.Debug|Any CPU.Build.0 = Debug|Any CPU
		{19CD3A2C-62C3-4414-AF85-AC6D44BE6B80}.Release|Any CPU.ActiveCfg = Release|Any CPU
		{19CD3A2C-62C3-4414-AF85-AC6D44BE6B80}.Release|Any CPU.Build.0 = Release|Any CPU
	EndGlobalSection
	GlobalSection(SolutionProperties) = preSolution
		HideSolutionNode = FALSE
	EndGlobalSection
EndGlobal
